
Microsoft Visual Studio Solution File, Format Version 12.00
Project("{FAE04EC0-301F-11D3-BF4B-00C04F79EFBC}") = "WebApp", "WebApp\WebApp.csproj", "{ED9B66A1-B101-470A-85A0-939DF03F673F}"
EndProject
Project("{2150E333-8FDC-42A3-9474-1A3956D46DE8}") = "Solution items", "Solution items", "{48BF88AE-12D9-4206-8E2D-6F46CD2FDECB}"
	ProjectSection(SolutionItems) = preProject
		README.md = README.md
		Directory.Build.props = Directory.Build.props
		..\.gitignore = ..\.gitignore
		..\docker-compose.yml = ..\docker-compose.yml
		Dockerfile = Dockerfile
		.dockerignore = .dockerignore
	EndProjectSection
EndProject
Project("{2150E333-8FDC-42A3-9474-1A3956D46DE8}") = "APP", "APP", "{63C9844B-9E23-43B0-ADC3-3E380EA52CF4}"
EndProject
Project("{2150E333-8FDC-42A3-9474-1A3956D46DE8}") = "BASE", "BASE", "{8A1FC7A4-08CF-4315-95D4-48CF17C97F2E}"
EndProject
Project("{FAE04EC0-301F-11D3-BF4B-00C04F79EFBC}") = "Domain.Base", "Domain.Base\Domain.Base.csproj", "{4605E2E0-DD27-463F-A053-8CB1D164B844}"
EndProject
Project("{2150E333-8FDC-42A3-9474-1A3956D46DE8}") = "Contracts", "Contracts", "{AACF3271-1E06-45FA-94A2-92EF742E6091}"
EndProject
Project("{FAE04EC0-301F-11D3-BF4B-00C04F79EFBC}") = "Domain.Contracts.Base", "Domain.Contracts.Base\Domain.Contracts.Base.csproj", "{68C8BE89-29CB-4912-A4C0-5AA1B0D5596B}"
EndProject
Project("{FAE04EC0-301F-11D3-BF4B-00C04F79EFBC}") = "Domain.App", "Domain.App\Domain.App.csproj", "{6D2C7C39-0A82-490A-82D4-230A2FCC9A13}"
EndProject
Project("{FAE04EC0-301F-11D3-BF4B-00C04F79EFBC}") = "DAL.EF.App", "DAL.EF.App\DAL.EF.App.csproj", "{5E7F6B3B-5584-4552-AC05-481C787214CE}"
EndProject
Project("{FAE04EC0-301F-11D3-BF4B-00C04F79EFBC}") = "DAL.Contracts.Base", "DAL.Contracts.Base\DAL.Contracts.Base.csproj", "{671CC65E-2A60-410A-ACCA-77EF64EFD587}"
EndProject
Project("{FAE04EC0-301F-11D3-BF4B-00C04F79EFBC}") = "DAL.EF.Base", "DAL.EF.Base\DAL.EF.Base.csproj", "{C1BD516B-BAF5-4FEB-AA30-AA954FCCFF4C}"
EndProject
Project("{2150E333-8FDC-42A3-9474-1A3956D46DE8}") = "Contracts", "Contracts", "{CBA280D5-A6D1-4D95-962D-A7E996628F96}"
EndProject
Project("{FAE04EC0-301F-11D3-BF4B-00C04F79EFBC}") = "DAL.Contracts.App", "DAL.Contracts.App\DAL.Contracts.App.csproj", "{243F5B52-619E-4842-95BB-34416CCDC1E1}"
EndProject
Project("{FAE04EC0-301F-11D3-BF4B-00C04F79EFBC}") = "Helpers.Base", "Helpers.Base\Helpers.Base.csproj", "{7BF434EB-0265-4682-8523-BB3F4991C338}"
EndProject
Project("{FAE04EC0-301F-11D3-BF4B-00C04F79EFBC}") = "Tests", "Tests\Tests.csproj", "{EA24F590-5C78-439E-8036-E8BC7F5BB26D}"
EndProject
Project("{FAE04EC0-301F-11D3-BF4B-00C04F79EFBC}") = "Public.DTO", "Public.DTO\Public.DTO.csproj", "{02FEF8A1-9B87-47EC-A09A-3F65BA4CF0D4}"
EndProject
Project("{FAE04EC0-301F-11D3-BF4B-00C04F79EFBC}") = "Contracts.Base", "Contracts.Base\Contracts.Base.csproj", "{68AEAF96-653E-4E55-AD04-90ADB9B70381}"
EndProject
Project("{FAE04EC0-301F-11D3-BF4B-00C04F79EFBC}") = "DAL.Base", "DAL.Base\DAL.Base.csproj", "{1DA6CAA6-2A97-4A89-829D-0EFC18EB42CA}"
EndProject
Project("{FAE04EC0-301F-11D3-BF4B-00C04F79EFBC}") = "DAL.DTO", "DAL.DTO\DAL.DTO.csproj", "{D6827FD0-E386-428F-BCF4-4F097E096906}"
EndProject
Project("{FAE04EC0-301F-11D3-BF4B-00C04F79EFBC}") = "BLL.Contracts.Base", "BLL.Contracts.Base\BLL.Contracts.Base.csproj", "{39E39E5A-09E6-4B66-905A-478679BABEB9}"
EndProject
Project("{FAE04EC0-301F-11D3-BF4B-00C04F79EFBC}") = "BLL.Base", "BLL.Base\BLL.Base.csproj", "{21946AD7-FBD4-417E-868E-CA68DA23F1FE}"
EndProject
Project("{FAE04EC0-301F-11D3-BF4B-00C04F79EFBC}") = "BLL.App", "BLL.App\BLL.App.csproj", "{8FFDD6CC-F365-4827-9049-4C57133AD54B}"
EndProject
Project("{FAE04EC0-301F-11D3-BF4B-00C04F79EFBC}") = "BLL.DTO", "BLL.DTO\BLL.DTO.csproj", "{E6174DC2-97A6-4F24-BF63-ED228AEB6538}"
EndProject
Project("{FAE04EC0-301F-11D3-BF4B-00C04F79EFBC}") = "BLL.Contracts.App", "BLL.Contracts.App\BLL.Contracts.App.csproj", "{5A9676D8-120D-4DD9-8BEF-66D3F242F8E8}"
EndProject
Global
	GlobalSection(SolutionConfigurationPlatforms) = preSolution
		Debug|Any CPU = Debug|Any CPU
		Release|Any CPU = Release|Any CPU
	EndGlobalSection
	GlobalSection(ProjectConfigurationPlatforms) = postSolution
		{ED9B66A1-B101-470A-85A0-939DF03F673F}.Debug|Any CPU.ActiveCfg = Debug|Any CPU
		{ED9B66A1-B101-470A-85A0-939DF03F673F}.Debug|Any CPU.Build.0 = Debug|Any CPU
		{ED9B66A1-B101-470A-85A0-939DF03F673F}.Release|Any CPU.ActiveCfg = Release|Any CPU
		{ED9B66A1-B101-470A-85A0-939DF03F673F}.Release|Any CPU.Build.0 = Release|Any CPU
		{4605E2E0-DD27-463F-A053-8CB1D164B844}.Debug|Any CPU.ActiveCfg = Debug|Any CPU
		{4605E2E0-DD27-463F-A053-8CB1D164B844}.Debug|Any CPU.Build.0 = Debug|Any CPU
		{4605E2E0-DD27-463F-A053-8CB1D164B844}.Release|Any CPU.ActiveCfg = Release|Any CPU
		{4605E2E0-DD27-463F-A053-8CB1D164B844}.Release|Any CPU.Build.0 = Release|Any CPU
		{68C8BE89-29CB-4912-A4C0-5AA1B0D5596B}.Debug|Any CPU.ActiveCfg = Debug|Any CPU
		{68C8BE89-29CB-4912-A4C0-5AA1B0D5596B}.Debug|Any CPU.Build.0 = Debug|Any CPU
		{68C8BE89-29CB-4912-A4C0-5AA1B0D5596B}.Release|Any CPU.ActiveCfg = Release|Any CPU
		{68C8BE89-29CB-4912-A4C0-5AA1B0D5596B}.Release|Any CPU.Build.0 = Release|Any CPU
		{6D2C7C39-0A82-490A-82D4-230A2FCC9A13}.Debug|Any CPU.ActiveCfg = Debug|Any CPU
		{6D2C7C39-0A82-490A-82D4-230A2FCC9A13}.Debug|Any CPU.Build.0 = Debug|Any CPU
		{6D2C7C39-0A82-490A-82D4-230A2FCC9A13}.Release|Any CPU.ActiveCfg = Release|Any CPU
		{6D2C7C39-0A82-490A-82D4-230A2FCC9A13}.Release|Any CPU.Build.0 = Release|Any CPU
		{5E7F6B3B-5584-4552-AC05-481C787214CE}.Debug|Any CPU.ActiveCfg = Debug|Any CPU
		{5E7F6B3B-5584-4552-AC05-481C787214CE}.Debug|Any CPU.Build.0 = Debug|Any CPU
		{5E7F6B3B-5584-4552-AC05-481C787214CE}.Release|Any CPU.ActiveCfg = Release|Any CPU
		{5E7F6B3B-5584-4552-AC05-481C787214CE}.Release|Any CPU.Build.0 = Release|Any CPU
		{671CC65E-2A60-410A-ACCA-77EF64EFD587}.Debug|Any CPU.ActiveCfg = Debug|Any CPU
		{671CC65E-2A60-410A-ACCA-77EF64EFD587}.Debug|Any CPU.Build.0 = Debug|Any CPU
		{671CC65E-2A60-410A-ACCA-77EF64EFD587}.Release|Any CPU.ActiveCfg = Release|Any CPU
		{671CC65E-2A60-410A-ACCA-77EF64EFD587}.Release|Any CPU.Build.0 = Release|Any CPU
		{C1BD516B-BAF5-4FEB-AA30-AA954FCCFF4C}.Debug|Any CPU.ActiveCfg = Debug|Any CPU
		{C1BD516B-BAF5-4FEB-AA30-AA954FCCFF4C}.Debug|Any CPU.Build.0 = Debug|Any CPU
		{C1BD516B-BAF5-4FEB-AA30-AA954FCCFF4C}.Release|Any CPU.ActiveCfg = Release|Any CPU
		{C1BD516B-BAF5-4FEB-AA30-AA954FCCFF4C}.Release|Any CPU.Build.0 = Release|Any CPU
		{243F5B52-619E-4842-95BB-34416CCDC1E1}.Debug|Any CPU.ActiveCfg = Debug|Any CPU
		{243F5B52-619E-4842-95BB-34416CCDC1E1}.Debug|Any CPU.Build.0 = Debug|Any CPU
		{243F5B52-619E-4842-95BB-34416CCDC1E1}.Release|Any CPU.ActiveCfg = Release|Any CPU
		{243F5B52-619E-4842-95BB-34416CCDC1E1}.Release|Any CPU.Build.0 = Release|Any CPU
		{7BF434EB-0265-4682-8523-BB3F4991C338}.Debug|Any CPU.ActiveCfg = Debug|Any CPU
		{7BF434EB-0265-4682-8523-BB3F4991C338}.Debug|Any CPU.Build.0 = Debug|Any CPU
		{7BF434EB-0265-4682-8523-BB3F4991C338}.Release|Any CPU.ActiveCfg = Release|Any CPU
		{7BF434EB-0265-4682-8523-BB3F4991C338}.Release|Any CPU.Build.0 = Release|Any CPU
		{EA24F590-5C78-439E-8036-E8BC7F5BB26D}.Debug|Any CPU.ActiveCfg = Debug|Any CPU
		{EA24F590-5C78-439E-8036-E8BC7F5BB26D}.Debug|Any CPU.Build.0 = Debug|Any CPU
		{EA24F590-5C78-439E-8036-E8BC7F5BB26D}.Release|Any CPU.ActiveCfg = Release|Any CPU
		{EA24F590-5C78-439E-8036-E8BC7F5BB26D}.Release|Any CPU.Build.0 = Release|Any CPU
		{02FEF8A1-9B87-47EC-A09A-3F65BA4CF0D4}.Debug|Any CPU.ActiveCfg = Debug|Any CPU
		{02FEF8A1-9B87-47EC-A09A-3F65BA4CF0D4}.Debug|Any CPU.Build.0 = Debug|Any CPU
		{02FEF8A1-9B87-47EC-A09A-3F65BA4CF0D4}.Release|Any CPU.ActiveCfg = Release|Any CPU
		{02FEF8A1-9B87-47EC-A09A-3F65BA4CF0D4}.Release|Any CPU.Build.0 = Release|Any CPU
		{68AEAF96-653E-4E55-AD04-90ADB9B70381}.Debug|Any CPU.ActiveCfg = Debug|Any CPU
		{68AEAF96-653E-4E55-AD04-90ADB9B70381}.Debug|Any CPU.Build.0 = Debug|Any CPU
		{68AEAF96-653E-4E55-AD04-90ADB9B70381}.Release|Any CPU.ActiveCfg = Release|Any CPU
		{68AEAF96-653E-4E55-AD04-90ADB9B70381}.Release|Any CPU.Build.0 = Release|Any CPU
		{1DA6CAA6-2A97-4A89-829D-0EFC18EB42CA}.Debug|Any CPU.ActiveCfg = Debug|Any CPU
		{1DA6CAA6-2A97-4A89-829D-0EFC18EB42CA}.Debug|Any CPU.Build.0 = Debug|Any CPU
		{1DA6CAA6-2A97-4A89-829D-0EFC18EB42CA}.Release|Any CPU.ActiveCfg = Release|Any CPU
		{1DA6CAA6-2A97-4A89-829D-0EFC18EB42CA}.Release|Any CPU.Build.0 = Release|Any CPU
		{D6827FD0-E386-428F-BCF4-4F097E096906}.Debug|Any CPU.ActiveCfg = Debug|Any CPU
		{D6827FD0-E386-428F-BCF4-4F097E096906}.Debug|Any CPU.Build.0 = Debug|Any CPU
		{D6827FD0-E386-428F-BCF4-4F097E096906}.Release|Any CPU.ActiveCfg = Release|Any CPU
		{D6827FD0-E386-428F-BCF4-4F097E096906}.Release|Any CPU.Build.0 = Release|Any CPU
		{39E39E5A-09E6-4B66-905A-478679BABEB9}.Debug|Any CPU.ActiveCfg = Debug|Any CPU
		{39E39E5A-09E6-4B66-905A-478679BABEB9}.Debug|Any CPU.Build.0 = Debug|Any CPU
		{39E39E5A-09E6-4B66-905A-478679BABEB9}.Release|Any CPU.ActiveCfg = Release|Any CPU
		{39E39E5A-09E6-4B66-905A-478679BABEB9}.Release|Any CPU.Build.0 = Release|Any CPU
		{21946AD7-FBD4-417E-868E-CA68DA23F1FE}.Debug|Any CPU.ActiveCfg = Debug|Any CPU
		{21946AD7-FBD4-417E-868E-CA68DA23F1FE}.Debug|Any CPU.Build.0 = Debug|Any CPU
		{21946AD7-FBD4-417E-868E-CA68DA23F1FE}.Release|Any CPU.ActiveCfg = Release|Any CPU
		{21946AD7-FBD4-417E-868E-CA68DA23F1FE}.Release|Any CPU.Build.0 = Release|Any CPU
		{8FFDD6CC-F365-4827-9049-4C57133AD54B}.Debug|Any CPU.ActiveCfg = Debug|Any CPU
		{8FFDD6CC-F365-4827-9049-4C57133AD54B}.Debug|Any CPU.Build.0 = Debug|Any CPU
		{8FFDD6CC-F365-4827-9049-4C57133AD54B}.Release|Any CPU.ActiveCfg = Release|Any CPU
		{8FFDD6CC-F365-4827-9049-4C57133AD54B}.Release|Any CPU.Build.0 = Release|Any CPU
		{E6174DC2-97A6-4F24-BF63-ED228AEB6538}.Debug|Any CPU.ActiveCfg = Debug|Any CPU
		{E6174DC2-97A6-4F24-BF63-ED228AEB6538}.Debug|Any CPU.Build.0 = Debug|Any CPU
		{E6174DC2-97A6-4F24-BF63-ED228AEB6538}.Release|Any CPU.ActiveCfg = Release|Any CPU
		{E6174DC2-97A6-4F24-BF63-ED228AEB6538}.Release|Any CPU.Build.0 = Release|Any CPU
		{5A9676D8-120D-4DD9-8BEF-66D3F242F8E8}.Debug|Any CPU.ActiveCfg = Debug|Any CPU
		{5A9676D8-120D-4DD9-8BEF-66D3F242F8E8}.Debug|Any CPU.Build.0 = Debug|Any CPU
		{5A9676D8-120D-4DD9-8BEF-66D3F242F8E8}.Release|Any CPU.ActiveCfg = Release|Any CPU
		{5A9676D8-120D-4DD9-8BEF-66D3F242F8E8}.Release|Any CPU.Build.0 = Release|Any CPU
	EndGlobalSection
	GlobalSection(NestedProjects) = preSolution
		{ED9B66A1-B101-470A-85A0-939DF03F673F} = {63C9844B-9E23-43B0-ADC3-3E380EA52CF4}
		{4605E2E0-DD27-463F-A053-8CB1D164B844} = {8A1FC7A4-08CF-4315-95D4-48CF17C97F2E}
		{AACF3271-1E06-45FA-94A2-92EF742E6091} = {8A1FC7A4-08CF-4315-95D4-48CF17C97F2E}
		{68C8BE89-29CB-4912-A4C0-5AA1B0D5596B} = {AACF3271-1E06-45FA-94A2-92EF742E6091}
		{6D2C7C39-0A82-490A-82D4-230A2FCC9A13} = {63C9844B-9E23-43B0-ADC3-3E380EA52CF4}
		{5E7F6B3B-5584-4552-AC05-481C787214CE} = {63C9844B-9E23-43B0-ADC3-3E380EA52CF4}
		{671CC65E-2A60-410A-ACCA-77EF64EFD587} = {AACF3271-1E06-45FA-94A2-92EF742E6091}
		{C1BD516B-BAF5-4FEB-AA30-AA954FCCFF4C} = {8A1FC7A4-08CF-4315-95D4-48CF17C97F2E}
		{CBA280D5-A6D1-4D95-962D-A7E996628F96} = {63C9844B-9E23-43B0-ADC3-3E380EA52CF4}
		{243F5B52-619E-4842-95BB-34416CCDC1E1} = {CBA280D5-A6D1-4D95-962D-A7E996628F96}
		{7BF434EB-0265-4682-8523-BB3F4991C338} = {8A1FC7A4-08CF-4315-95D4-48CF17C97F2E}
		{EA24F590-5C78-439E-8036-E8BC7F5BB26D} = {63C9844B-9E23-43B0-ADC3-3E380EA52CF4}
		{02FEF8A1-9B87-47EC-A09A-3F65BA4CF0D4} = {63C9844B-9E23-43B0-ADC3-3E380EA52CF4}
		{68AEAF96-653E-4E55-AD04-90ADB9B70381} = {AACF3271-1E06-45FA-94A2-92EF742E6091}
		{1DA6CAA6-2A97-4A89-829D-0EFC18EB42CA} = {8A1FC7A4-08CF-4315-95D4-48CF17C97F2E}
		{D6827FD0-E386-428F-BCF4-4F097E096906} = {63C9844B-9E23-43B0-ADC3-3E380EA52CF4}
		{39E39E5A-09E6-4B66-905A-478679BABEB9} = {AACF3271-1E06-45FA-94A2-92EF742E6091}
		{21946AD7-FBD4-417E-868E-CA68DA23F1FE} = {8A1FC7A4-08CF-4315-95D4-48CF17C97F2E}
		{8FFDD6CC-F365-4827-9049-4C57133AD54B} = {63C9844B-9E23-43B0-ADC3-3E380EA52CF4}
		{E6174DC2-97A6-4F24-BF63-ED228AEB6538} = {63C9844B-9E23-43B0-ADC3-3E380EA52CF4}
		{5A9676D8-120D-4DD9-8BEF-66D3F242F8E8} = {CBA280D5-A6D1-4D95-962D-A7E996628F96}
	EndGlobalSection
EndGlobal
